
Microsoft Visual Studio Solution File, Format Version 12.00
# Visual Studio 15
VisualStudioVersion = 15.0.34031.82
MinimumVisualStudioVersion = 10.0.40219.1
Project("{F184B08F-C81C-45F6-A57F-5ABD9991F28F}") = "ObjectsLibrary", "ObjectsLibrary\ObjectsLibrary.vbproj", "{9F34BDCB-DFF2-4F27-AD14-6A8E0BA5D601}"
EndProject
Global
	GlobalSection(SolutionConfigurationPlatforms) = preSolution
		Debug|Any CPU = Debug|Any CPU
		Release|Any CPU = Release|Any CPU
	EndGlobalSection
	GlobalSection(ProjectConfigurationPlatforms) = postSolution
		{9F34BDCB-DFF2-4F27-AD14-6A8E0BA5D601}.Debug|Any CPU.ActiveCfg = Debug|Any CPU
		{9F34BDCB-DFF2-4F27-AD14-6A8E0BA5D601}.Debug|Any CPU.Build.0 = Debug|Any CPU
		{9F34BDCB-DFF2-4F27-AD14-6A8E0BA5D601}.Release|Any CPU.ActiveCfg = Release|Any CPU
		{9F34BDCB-DFF2-4F27-AD14-6A8E0BA5D601}.Release|Any CPU.Build.0 = Release|Any CPU
	EndGlobalSection
	GlobalSection(SolutionProperties) = preSolution
		HideSolutionNode = FALSE
	EndGlobalSection
	GlobalSection(ExtensibilityGlobals) = postSolution
		SolutionGuid = {607342E3-E1C2-48B6-819F-A2F7901EE0C7}
	EndGlobalSection
EndGlobal
